
Microsoft Visual Studio Solution File, Format Version 12.00
# Visual Studio Version 17
VisualStudioVersion = 17.4.33205.214
MinimumVisualStudioVersion = 10.0.40219.1
Project("{9A19103F-16F7-4668-BE54-9A1E7A4F7556}") = "Ps.EfCoreRepository.SqlServer", "Ps.EfCoreRepository.SqlServer.csproj", "{0316B5C3-8E66-4527-A7BC-19635457BEC4}"
EndProject
Project("{FAE04EC0-301F-11D3-BF4B-00C04F79EFBC}") = "Ps.EfCoreRepository.SqlServer.UnitTests", "..\Ps.EfCoreRepository.SqlServer.UnitTests\Ps.EfCoreRepository.SqlServer.UnitTests.csproj", "{0CF9B982-EC92-439F-A386-BFEFCC7943DE}"
EndProject
Global
	GlobalSection(SolutionConfigurationPlatforms) = preSolution
		Debug|Any CPU = Debug|Any CPU
		Release|Any CPU = Release|Any CPU
	EndGlobalSection
	GlobalSection(ProjectConfigurationPlatforms) = postSolution
		{0316B5C3-8E66-4527-A7BC-19635457BEC4}.Debug|Any CPU.ActiveCfg = Debug|Any CPU
		{0316B5C3-8E66-4527-A7BC-19635457BEC4}.Debug|Any CPU.Build.0 = Debug|Any CPU
		{0316B5C3-8E66-4527-A7BC-19635457BEC4}.Release|Any CPU.ActiveCfg = Release|Any CPU
		{0316B5C3-8E66-4527-A7BC-19635457BEC4}.Release|Any CPU.Build.0 = Release|Any CPU
		{0CF9B982-EC92-439F-A386-BFEFCC7943DE}.Debug|Any CPU.ActiveCfg = Debug|Any CPU
		{0CF9B982-EC92-439F-A386-BFEFCC7943DE}.Debug|Any CPU.Build.0 = Debug|Any CPU
		{0CF9B982-EC92-439F-A386-BFEFCC7943DE}.Release|Any CPU.ActiveCfg = Release|Any CPU
		{0CF9B982-EC92-439F-A386-BFEFCC7943DE}.Release|Any CPU.Build.0 = Release|Any CPU
	EndGlobalSection
	GlobalSection(SolutionProperties) = preSolution
		HideSolutionNode = FALSE
	EndGlobalSection
	GlobalSection(ExtensibilityGlobals) = postSolution
		SolutionGuid = {522CF951-4537-472D-B0DD-0D1E15635988}
	EndGlobalSection
EndGlobal
